
Microsoft Visual Studio Solution File, Format Version 12.00
# Visual Studio Version 17
VisualStudioVersion = 17.5.33516.290
MinimumVisualStudioVersion = 10.0.40219.1
Project("{9A19103F-16F7-4668-BE54-9A1E7A4F7556}") = "XwingTurnRunner", "XwingTurnRunner\XwingTurnRunner.csproj", "{896D26E6-FE8A-4ADE-A8E4-1BD6556BA833}"
EndProject
Project("{9A19103F-16F7-4668-BE54-9A1E7A4F7556}") = "XwingTurnRunner.Tests", "XwingTurnRunner.Tests\XwingTurnRunner.Tests.csproj", "{8AAD2C8F-0CA6-48F5-8325-81E9E6F34480}"
EndProject
Project("{9A19103F-16F7-4668-BE54-9A1E7A4F7556}") = "GreatState", "GreatState\GreatState.csproj", "{EADAFCAB-6043-4F53-B823-E2BD05D7D049}"
EndProject
Project("{FAE04EC0-301F-11D3-BF4B-00C04F79EFBC}") = "XwingTurnRunnerEmpty", "XwingTurnRunnerEmpty\XwingTurnRunnerEmpty.csproj", "{6DF834B8-3AEB-41D1-AD1E-0D16187FE474}"
EndProject
Global
	GlobalSection(SolutionConfigurationPlatforms) = preSolution
		Debug|Any CPU = Debug|Any CPU
		Release|Any CPU = Release|Any CPU
	EndGlobalSection
	GlobalSection(ProjectConfigurationPlatforms) = postSolution
		{896D26E6-FE8A-4ADE-A8E4-1BD6556BA833}.Debug|Any CPU.ActiveCfg = Debug|Any CPU
		{896D26E6-FE8A-4ADE-A8E4-1BD6556BA833}.Debug|Any CPU.Build.0 = Debug|Any CPU
		{896D26E6-FE8A-4ADE-A8E4-1BD6556BA833}.Release|Any CPU.ActiveCfg = Release|Any CPU
		{896D26E6-FE8A-4ADE-A8E4-1BD6556BA833}.Release|Any CPU.Build.0 = Release|Any CPU
		{8AAD2C8F-0CA6-48F5-8325-81E9E6F34480}.Debug|Any CPU.ActiveCfg = Debug|Any CPU
		{8AAD2C8F-0CA6-48F5-8325-81E9E6F34480}.Debug|Any CPU.Build.0 = Debug|Any CPU
		{8AAD2C8F-0CA6-48F5-8325-81E9E6F34480}.Release|Any CPU.ActiveCfg = Release|Any CPU
		{8AAD2C8F-0CA6-48F5-8325-81E9E6F34480}.Release|Any CPU.Build.0 = Release|Any CPU
		{EADAFCAB-6043-4F53-B823-E2BD05D7D049}.Debug|Any CPU.ActiveCfg = Debug|Any CPU
		{EADAFCAB-6043-4F53-B823-E2BD05D7D049}.Debug|Any CPU.Build.0 = Debug|Any CPU
		{EADAFCAB-6043-4F53-B823-E2BD05D7D049}.Release|Any CPU.ActiveCfg = Release|Any CPU
		{EADAFCAB-6043-4F53-B823-E2BD05D7D049}.Release|Any CPU.Build.0 = Release|Any CPU
		{6DF834B8-3AEB-41D1-AD1E-0D16187FE474}.Debug|Any CPU.ActiveCfg = Debug|Any CPU
		{6DF834B8-3AEB-41D1-AD1E-0D16187FE474}.Debug|Any CPU.Build.0 = Debug|Any CPU
		{6DF834B8-3AEB-41D1-AD1E-0D16187FE474}.Release|Any CPU.ActiveCfg = Release|Any CPU
		{6DF834B8-3AEB-41D1-AD1E-0D16187FE474}.Release|Any CPU.Build.0 = Release|Any CPU
	EndGlobalSection
	GlobalSection(SolutionProperties) = preSolution
		HideSolutionNode = FALSE
	EndGlobalSection
	GlobalSection(ExtensibilityGlobals) = postSolution
		SolutionGuid = {46156DFD-F4BA-4134-8A30-D0E899261814}
	EndGlobalSection
EndGlobal
